github.com/davecgh/go-spew v1.1.1 h1:vj9j/u1bqnvCEfJOwUhtlOARqs3+rkHYY13jYWTU97c=
github.com/davecgh/go-spew v1.1.1/go.mod h1:J7Y8YcW2NihsgmVo/mv3lAwl/skON4iLHjSsI+c5H38=
github.com/pmezard/go-difflib v1.0.0 h1:4DBwDE0NGyQoBHbLQYPwSUPoCMWR5BEzIk/f1lZbAQM=
github.com/pmezard/go-difflib v1.0.0/go.mod h1:iKH77koFhYxTK1pcRnkKkqfTogsbg7gZNVY4sRDYZ/4=
github.com/skyportsystems/testify v0.0.0-20170130113145-4d4bfba8f1d1 h1:s3GdNv34bStN4i5muUMxD6qc2gsJ7DjsdvjDf1jeElg=
github.com/skyportsystems/testify v0.0.0-20170130113145-4d4bfba8f1d1/go.mod h1:snIX8MuGQoWYiqUPt57IsqlDvGE7T6Zvh87u4TX5iTw=
